
Microsoft Visual Studio Solution File, Format Version 12.00
# Visual Studio Version 16
VisualStudioVersion = 16.0.810.8
MinimumVisualStudioVersion = 10.0.40219.1
Project("{FAE04EC0-301F-11D3-BF4B-00C04F79EFBC}") = "tau_net", "tau_net.csproj", "{19A9100C-0820-4964-AA8A-28E7EE070035}"
EndProject
Global
	GlobalSection(SolutionConfigurationPlatforms) = preSolution
		Debug|Any CPU = Debug|Any CPU
		Release|Any CPU = Release|Any CPU
	EndGlobalSection
	GlobalSection(ProjectConfigurationPlatforms) = postSolution
		{19A9100C-0820-4964-AA8A-28E7EE070035}.Debug|Any CPU.ActiveCfg = Debug|Any CPU
		{19A9100C-0820-4964-AA8A-28E7EE070035}.Debug|Any CPU.Build.0 = Debug|Any CPU
		{19A9100C-0820-4964-AA8A-28E7EE070035}.Release|Any CPU.ActiveCfg = Release|Any CPU
		{19A9100C-0820-4964-AA8A-28E7EE070035}.Release|Any CPU.Build.0 = Release|Any CPU
	EndGlobalSection
	GlobalSection(SolutionProperties) = preSolution
		HideSolutionNode = FALSE
	EndGlobalSection
	GlobalSection(ExtensibilityGlobals) = postSolution
		SolutionGuid = {7DBFDCB6-20AC-4F92-A249-6986D53954FA}
	EndGlobalSection
EndGlobal
